
Microsoft Visual Studio Solution File, Format Version 12.00
# Visual Studio Version 17
VisualStudioVersion = 17.8.34511.84
MinimumVisualStudioVersion = 10.0.40219.1
Project("{FAE04EC0-301F-11D3-BF4B-00C04F79EFBC}") = "Laitekirjasto", "Laitekirjasto.csproj", "{31B7B274-4E37-442D-AA0B-F42C5DEF1CE6}"
EndProject
Global
	GlobalSection(SolutionConfigurationPlatforms) = preSolution
		Debug|Any CPU = Debug|Any CPU
		Release|Any CPU = Release|Any CPU
	EndGlobalSection
	GlobalSection(ProjectConfigurationPlatforms) = postSolution
		{31B7B274-4E37-442D-AA0B-F42C5DEF1CE6}.Debug|Any CPU.ActiveCfg = Debug|Any CPU
		{31B7B274-4E37-442D-AA0B-F42C5DEF1CE6}.Debug|Any CPU.Build.0 = Debug|Any CPU
		{31B7B274-4E37-442D-AA0B-F42C5DEF1CE6}.Release|Any CPU.ActiveCfg = Release|Any CPU
		{31B7B274-4E37-442D-AA0B-F42C5DEF1CE6}.Release|Any CPU.Build.0 = Release|Any CPU
	EndGlobalSection
	GlobalSection(SolutionProperties) = preSolution
		HideSolutionNode = FALSE
	EndGlobalSection
	GlobalSection(ExtensibilityGlobals) = postSolution
		SolutionGuid = {4FA79B47-5276-4EF8-A2F6-3BC31355299D}
	EndGlobalSection
EndGlobal
